// !$*UTF8*$!
{
	archiveVersion = 1;
	classes = {
	};
	objectVersion = 56;
	objects = {

/* Begin PBXBuildFile section */
		A77552BD2C460F8F0005F6B6 /* TrainingWeightModel.swift in Sources */ = {isa = PBXBuildFile; fileRef = A77552BC2C460F8F0005F6B6 /* TrainingWeightModel.swift */; };
		A77552BF2C460F980005F6B6 /* DisplayView.swift in Sources */ = {isa = PBXBuildFile; fileRef = A77552BE2C460F980005F6B6 /* DisplayView.swift */; };
		A77552C12C460F9F0005F6B6 /* TrainingWeightViewModel.swift in Sources */ = {isa = PBXBuildFile; fileRef = A77552C02C460F9F0005F6B6 /* TrainingWeightViewModel.swift */; };
		A77552C62C47699D0005F6B6 /* RecordButtonView.swift in Sources */ = {isa = PBXBuildFile; fileRef = A77552C52C47699D0005F6B6 /* RecordButtonView.swift */; };
		B45D3A2B2C40FFEE00FCA385 /* GymBroApp.swift in Sources */ = {isa = PBXBuildFile; fileRef = B45D3A2A2C40FFEE00FCA385 /* GymBroApp.swift */; };
		B45D3A2D2C40FFEE00FCA385 /* ContentView.swift in Sources */ = {isa = PBXBuildFile; fileRef = B45D3A2C2C40FFEE00FCA385 /* ContentView.swift */; };
		B45D3A2F2C40FFF000FCA385 /* Assets.xcassets in Resources */ = {isa = PBXBuildFile; fileRef = B45D3A2E2C40FFF000FCA385 /* Assets.xcassets */; };
		B45D3A322C40FFF000FCA385 /* Preview Assets.xcassets in Resources */ = {isa = PBXBuildFile; fileRef = B45D3A312C40FFF000FCA385 /* Preview Assets.xcassets */; };
		B4F4C93F2C466211001AEF08 /* HeaderView.swift in Sources */ = {isa = PBXBuildFile; fileRef = B4F4C93E2C466211001AEF08 /* HeaderView.swift */; };
		B4F4C9412C46622B001AEF08 /* SegmentedControlView.swift in Sources */ = {isa = PBXBuildFile; fileRef = B4F4C9402C46622B001AEF08 /* SegmentedControlView.swift */; };
		B4F4C9432C4662D8001AEF08 /* OneRepMaxView.swift in Sources */ = {isa = PBXBuildFile; fileRef = B4F4C9422C4662D8001AEF08 /* OneRepMaxView.swift */; };
		B4F4C9452C466335001AEF08 /* TrainingWeightView.swift in Sources */ = {isa = PBXBuildFile; fileRef = B4F4C9442C466335001AEF08 /* TrainingWeightView.swift */; };
		B4F4C9472C466390001AEF08 /* CalculateButtonView.swift in Sources */ = {isa = PBXBuildFile; fileRef = B4F4C9462C466390001AEF08 /* CalculateButtonView.swift */; };
		B4F4C94B2C4663E2001AEF08 /* ResultView.swift in Sources */ = {isa = PBXBuildFile; fileRef = B4F4C94A2C4663E2001AEF08 /* ResultView.swift */; };
		B4F4C94D2C4664F5001AEF08 /* BottomNavigationView.swift in Sources */ = {isa = PBXBuildFile; fileRef = B4F4C94C2C4664F5001AEF08 /* BottomNavigationView.swift */; };
		B4F4C94F2C46651C001AEF08 /* TrainingWeightTableView.swift in Sources */ = {isa = PBXBuildFile; fileRef = B4F4C94E2C46651C001AEF08 /* TrainingWeightTableView.swift */; };
		B4F4C9512C46681D001AEF08 /* OneRepMaxCalculatorViewModel.swift in Sources */ = {isa = PBXBuildFile; fileRef = B4F4C9502C46681D001AEF08 /* OneRepMaxCalculatorViewModel.swift */; };
		E2C680502C47E40D00E4F336 /* Localizable.xcstrings in Resources */ = {isa = PBXBuildFile; fileRef = E2C6804F2C47E40D00E4F336 /* Localizable.xcstrings */; };
/* End PBXBuildFile section */

/* Begin PBXFileReference section */
		A77552BC2C460F8F0005F6B6 /* TrainingWeightModel.swift */ = {isa = PBXFileReference; fileEncoding = 4; lastKnownFileType = sourcecode.swift; path = TrainingWeightModel.swift; sourceTree = "<group>"; };
		A77552BE2C460F980005F6B6 /* DisplayView.swift */ = {isa = PBXFileReference; fileEncoding = 4; lastKnownFileType = sourcecode.swift; path = DisplayView.swift; sourceTree = "<group>"; };
		A77552C02C460F9F0005F6B6 /* TrainingWeightViewModel.swift */ = {isa = PBXFileReference; fileEncoding = 4; lastKnownFileType = sourcecode.swift; path = TrainingWeightViewModel.swift; sourceTree = "<group>"; };
		A77552C52C47699D0005F6B6 /* RecordButtonView.swift */ = {isa = PBXFileReference; lastKnownFileType = sourcecode.swift; path = RecordButtonView.swift; sourceTree = "<group>"; };
		B45D3A272C40FFEE00FCA385 /* GymBro.app */ = {isa = PBXFileReference; explicitFileType = wrapper.application; includeInIndex = 0; path = GymBro.app; sourceTree = BUILT_PRODUCTS_DIR; };
		B45D3A2A2C40FFEE00FCA385 /* GymBroApp.swift */ = {isa = PBXFileReference; lastKnownFileType = sourcecode.swift; path = GymBroApp.swift; sourceTree = "<group>"; };
		B45D3A2C2C40FFEE00FCA385 /* ContentView.swift */ = {isa = PBXFileReference; lastKnownFileType = sourcecode.swift; path = ContentView.swift; sourceTree = "<group>"; };
		B45D3A2E2C40FFF000FCA385 /* Assets.xcassets */ = {isa = PBXFileReference; lastKnownFileType = folder.assetcatalog; path = Assets.xcassets; sourceTree = "<group>"; };
		B45D3A312C40FFF000FCA385 /* Preview Assets.xcassets */ = {isa = PBXFileReference; lastKnownFileType = folder.assetcatalog; path = "Preview Assets.xcassets"; sourceTree = "<group>"; };
		B4F4C93E2C466211001AEF08 /* HeaderView.swift */ = {isa = PBXFileReference; lastKnownFileType = sourcecode.swift; path = HeaderView.swift; sourceTree = "<group>"; };
		B4F4C9402C46622B001AEF08 /* SegmentedControlView.swift */ = {isa = PBXFileReference; lastKnownFileType = sourcecode.swift; path = SegmentedControlView.swift; sourceTree = "<group>"; };
		B4F4C9422C4662D8001AEF08 /* OneRepMaxView.swift */ = {isa = PBXFileReference; lastKnownFileType = sourcecode.swift; path = OneRepMaxView.swift; sourceTree = "<group>"; };
		B4F4C9442C466335001AEF08 /* TrainingWeightView.swift */ = {isa = PBXFileReference; lastKnownFileType = sourcecode.swift; path = TrainingWeightView.swift; sourceTree = "<group>"; };
		B4F4C9462C466390001AEF08 /* CalculateButtonView.swift */ = {isa = PBXFileReference; lastKnownFileType = sourcecode.swift; path = CalculateButtonView.swift; sourceTree = "<group>"; };
		B4F4C94A2C4663E2001AEF08 /* ResultView.swift */ = {isa = PBXFileReference; lastKnownFileType = sourcecode.swift; path = ResultView.swift; sourceTree = "<group>"; };
		B4F4C94C2C4664F5001AEF08 /* BottomNavigationView.swift */ = {isa = PBXFileReference; lastKnownFileType = sourcecode.swift; path = BottomNavigationView.swift; sourceTree = "<group>"; };
		B4F4C94E2C46651C001AEF08 /* TrainingWeightTableView.swift */ = {isa = PBXFileReference; lastKnownFileType = sourcecode.swift; path = TrainingWeightTableView.swift; sourceTree = "<group>"; };
		B4F4C9502C46681D001AEF08 /* OneRepMaxCalculatorViewModel.swift */ = {isa = PBXFileReference; lastKnownFileType = sourcecode.swift; path = OneRepMaxCalculatorViewModel.swift; sourceTree = "<group>"; };
		E2C6804F2C47E40D00E4F336 /* Localizable.xcstrings */ = {isa = PBXFileReference; fileEncoding = 4; lastKnownFileType = text.json.xcstrings; path = Localizable.xcstrings; sourceTree = SOURCE_ROOT; };
/* End PBXFileReference section */

/* Begin PBXFrameworksBuildPhase section */
		B45D3A242C40FFEE00FCA385 /* Frameworks */ = {
			isa = PBXFrameworksBuildPhase;
			buildActionMask = 2147483647;
			files = (
			);
			runOnlyForDeploymentPostprocessing = 0;
		};
/* End PBXFrameworksBuildPhase section */

/* Begin PBXGroup section */
		B45D3A1E2C40FFEE00FCA385 = {
			isa = PBXGroup;
			children = (
				B45D3A292C40FFEE00FCA385 /* GymBro */,
				B45D3A282C40FFEE00FCA385 /* Products */,
			);
			sourceTree = "<group>";
		};
		B45D3A282C40FFEE00FCA385 /* Products */ = {
			isa = PBXGroup;
			children = (
				B45D3A272C40FFEE00FCA385 /* GymBro.app */,
			);
			name = Products;
			sourceTree = "<group>";
		};
		B45D3A292C40FFEE00FCA385 /* GymBro */ = {
			isa = PBXGroup;
			children = (
				B45D3A3C2C41018A00FCA385 /* ViewModels */,
				B45D3A392C41013B00FCA385 /* Views */,
				B45D3A382C41013500FCA385 /* Models */,
				B45D3A2A2C40FFEE00FCA385 /* GymBroApp.swift */,
				B45D3A2C2C40FFEE00FCA385 /* ContentView.swift */,
				B45D3A2E2C40FFF000FCA385 /* Assets.xcassets */,
				B45D3A302C40FFF000FCA385 /* Preview Content */,
			);
			path = GymBro;
			sourceTree = "<group>";
		};
		B45D3A302C40FFF000FCA385 /* Preview Content */ = {
			isa = PBXGroup;
			children = (
				B45D3A312C40FFF000FCA385 /* Preview Assets.xcassets */,
				E2C6804F2C47E40D00E4F336 /* Localizable.xcstrings */,
			);
			path = "Preview Content";
			sourceTree = "<group>";
		};
		B45D3A382C41013500FCA385 /* Models */ = {
			isa = PBXGroup;
			children = (
				A77552BC2C460F8F0005F6B6 /* TrainingWeightModel.swift */,
			);
			path = Models;
			sourceTree = "<group>";
		};
		B45D3A392C41013B00FCA385 /* Views */ = {
			isa = PBXGroup;
			children = (
				B4F4C93D2C466203001AEF08 /* Components */,
				A77552BE2C460F980005F6B6 /* DisplayView.swift */,
				B4F4C9422C4662D8001AEF08 /* OneRepMaxView.swift */,
				B4F4C9442C466335001AEF08 /* TrainingWeightView.swift */,
				B4F4C94A2C4663E2001AEF08 /* ResultView.swift */,
				B4F4C94E2C46651C001AEF08 /* TrainingWeightTableView.swift */,
			);
			path = Views;
			sourceTree = "<group>";
		};
		B45D3A3C2C41018A00FCA385 /* ViewModels */ = {
			isa = PBXGroup;
			children = (
				A77552C02C460F9F0005F6B6 /* TrainingWeightViewModel.swift */,
				B4F4C9502C46681D001AEF08 /* OneRepMaxCalculatorViewModel.swift */,
			);
			path = ViewModels;
			sourceTree = "<group>";
		};
		B4F4C93D2C466203001AEF08 /* Components */ = {
			isa = PBXGroup;
			children = (
				B4F4C93E2C466211001AEF08 /* HeaderView.swift */,
				B4F4C9402C46622B001AEF08 /* SegmentedControlView.swift */,
				B4F4C9462C466390001AEF08 /* CalculateButtonView.swift */,
				B4F4C94C2C4664F5001AEF08 /* BottomNavigationView.swift */,
				A77552C52C47699D0005F6B6 /* RecordButtonView.swift */,
			);
			path = Components;
			sourceTree = "<group>";
		};
/* End PBXGroup section */

/* Begin PBXNativeTarget section */
		B45D3A262C40FFEE00FCA385 /* GymBro */ = {
			isa = PBXNativeTarget;
			buildConfigurationList = B45D3A352C40FFF000FCA385 /* Build configuration list for PBXNativeTarget "GymBro" */;
			buildPhases = (
				B45D3A232C40FFEE00FCA385 /* Sources */,
				B45D3A242C40FFEE00FCA385 /* Frameworks */,
				B45D3A252C40FFEE00FCA385 /* Resources */,
			);
			buildRules = (
			);
			dependencies = (
			);
			name = GymBro;
			productName = GymBro;
			productReference = B45D3A272C40FFEE00FCA385 /* GymBro.app */;
			productType = "com.apple.product-type.application";
		};
/* End PBXNativeTarget section */

/* Begin PBXProject section */
		B45D3A1F2C40FFEE00FCA385 /* Project object */ = {
			isa = PBXProject;
			attributes = {
				BuildIndependentTargetsInParallel = 1;
				LastSwiftUpdateCheck = 1540;
				LastUpgradeCheck = 1540;
				TargetAttributes = {
					B45D3A262C40FFEE00FCA385 = {
						CreatedOnToolsVersion = 15.4;
					};
				};
			};
			buildConfigurationList = B45D3A222C40FFEE00FCA385 /* Build configuration list for PBXProject "GymBro" */;
			compatibilityVersion = "Xcode 14.0";
			developmentRegion = en;
			hasScannedForEncodings = 0;
			knownRegions = (
				en,
				Base,
				id,
			);
			mainGroup = B45D3A1E2C40FFEE00FCA385;
			productRefGroup = B45D3A282C40FFEE00FCA385 /* Products */;
			projectDirPath = "";
			projectRoot = "";
			targets = (
				B45D3A262C40FFEE00FCA385 /* GymBro */,
			);
		};
/* End PBXProject section */

/* Begin PBXResourcesBuildPhase section */
		B45D3A252C40FFEE00FCA385 /* Resources */ = {
			isa = PBXResourcesBuildPhase;
			buildActionMask = 2147483647;
			files = (
				B45D3A322C40FFF000FCA385 /* Preview Assets.xcassets in Resources */,
				B45D3A2F2C40FFF000FCA385 /* Assets.xcassets in Resources */,
				E2C680502C47E40D00E4F336 /* Localizable.xcstrings in Resources */,
			);
			runOnlyForDeploymentPostprocessing = 0;
		};
/* End PBXResourcesBuildPhase section */

/* Begin PBXSourcesBuildPhase section */
		B45D3A232C40FFEE00FCA385 /* Sources */ = {
			isa = PBXSourcesBuildPhase;
			buildActionMask = 2147483647;
			files = (
				B4F4C9432C4662D8001AEF08 /* OneRepMaxView.swift in Sources */,
				B4F4C9412C46622B001AEF08 /* SegmentedControlView.swift in Sources */,
				B4F4C94B2C4663E2001AEF08 /* ResultView.swift in Sources */,
				B4F4C94F2C46651C001AEF08 /* TrainingWeightTableView.swift in Sources */,
				A77552BD2C460F8F0005F6B6 /* TrainingWeightModel.swift in Sources */,
				B4F4C93F2C466211001AEF08 /* HeaderView.swift in Sources */,
				B4F4C94D2C4664F5001AEF08 /* BottomNavigationView.swift in Sources */,
				B4F4C9512C46681D001AEF08 /* OneRepMaxCalculatorViewModel.swift in Sources */,
				B4F4C9452C466335001AEF08 /* TrainingWeightView.swift in Sources */,
				A77552C62C47699D0005F6B6 /* RecordButtonView.swift in Sources */,
				B4F4C9472C466390001AEF08 /* CalculateButtonView.swift in Sources */,
				A77552BF2C460F980005F6B6 /* DisplayView.swift in Sources */,
				B45D3A2D2C40FFEE00FCA385 /* ContentView.swift in Sources */,
				A77552C12C460F9F0005F6B6 /* TrainingWeightViewModel.swift in Sources */,
				B45D3A2B2C40FFEE00FCA385 /* GymBroApp.swift in Sources */,
			);
			runOnlyForDeploymentPostprocessing = 0;
		};
/* End PBXSourcesBuildPhase section */

/* Begin XCBuildConfiguration section */
		B45D3A332C40FFF000FCA385 /* Debug */ = {
			isa = XCBuildConfiguration;
			buildSettings = {
				ALWAYS_SEARCH_USER_PATHS = NO;
				ASSETCATALOG_COMPILER_GENERATE_SWIFT_ASSET_SYMBOL_EXTENSIONS = YES;
				CLANG_ANALYZER_NONNULL = YES;
				CLANG_ANALYZER_NUMBER_OBJECT_CONVERSION = YES_AGGRESSIVE;
				CLANG_CXX_LANGUAGE_STANDARD = "gnu++20";
				CLANG_ENABLE_MODULES = YES;
				CLANG_ENABLE_OBJC_ARC = YES;
				CLANG_ENABLE_OBJC_WEAK = YES;
				CLANG_WARN_BLOCK_CAPTURE_AUTORELEASING = YES;
				CLANG_WARN_BOOL_CONVERSION = YES;
				CLANG_WARN_COMMA = YES;
				CLANG_WARN_CONSTANT_CONVERSION = YES;
				CLANG_WARN_DEPRECATED_OBJC_IMPLEMENTATIONS = YES;
				CLANG_WARN_DIRECT_OBJC_ISA_USAGE = YES_ERROR;
				CLANG_WARN_DOCUMENTATION_COMMENTS = YES;
				CLANG_WARN_EMPTY_BODY = YES;
				CLANG_WARN_ENUM_CONVERSION = YES;
				CLANG_WARN_INFINITE_RECURSION = YES;
				CLANG_WARN_INT_CONVERSION = YES;
				CLANG_WARN_NON_LITERAL_NULL_CONVERSION = YES;
				CLANG_WARN_OBJC_IMPLICIT_RETAIN_SELF = YES;
				CLANG_WARN_OBJC_LITERAL_CONVERSION = YES;
				CLANG_WARN_OBJC_ROOT_CLASS = YES_ERROR;
				CLANG_WARN_QUOTED_INCLUDE_IN_FRAMEWORK_HEADER = YES;
				CLANG_WARN_RANGE_LOOP_ANALYSIS = YES;
				CLANG_WARN_STRICT_PROTOTYPES = YES;
				CLANG_WARN_SUSPICIOUS_MOVE = YES;
				CLANG_WARN_UNGUARDED_AVAILABILITY = YES_AGGRESSIVE;
				CLANG_WARN_UNREACHABLE_CODE = YES;
				CLANG_WARN__DUPLICATE_METHOD_MATCH = YES;
				COPY_PHASE_STRIP = NO;
				DEBUG_INFORMATION_FORMAT = dwarf;
				ENABLE_STRICT_OBJC_MSGSEND = YES;
				ENABLE_TESTABILITY = YES;
				ENABLE_USER_SCRIPT_SANDBOXING = YES;
				GCC_C_LANGUAGE_STANDARD = gnu17;
				GCC_DYNAMIC_NO_PIC = NO;
				GCC_NO_COMMON_BLOCKS = YES;
				GCC_OPTIMIZATION_LEVEL = 0;
				GCC_PREPROCESSOR_DEFINITIONS = (
					"DEBUG=1",
					"$(inherited)",
				);
				GCC_WARN_64_TO_32_BIT_CONVERSION = YES;
				GCC_WARN_ABOUT_RETURN_TYPE = YES_ERROR;
				GCC_WARN_UNDECLARED_SELECTOR = YES;
				GCC_WARN_UNINITIALIZED_AUTOS = YES_AGGRESSIVE;
				GCC_WARN_UNUSED_FUNCTION = YES;
				GCC_WARN_UNUSED_VARIABLE = YES;
				IPHONEOS_DEPLOYMENT_TARGET = 17.5;
				LOCALIZATION_PREFERS_STRING_CATALOGS = YES;
				MTL_ENABLE_DEBUG_INFO = INCLUDE_SOURCE;
				MTL_FAST_MATH = YES;
				ONLY_ACTIVE_ARCH = YES;
				SDKROOT = iphoneos;
				SWIFT_ACTIVE_COMPILATION_CONDITIONS = "DEBUG $(inherited)";
				SWIFT_OPTIMIZATION_LEVEL = "-Onone";
			};
			name = Debug;
		};
		B45D3A342C40FFF000FCA385 /* Release */ = {
			isa = XCBuildConfiguration;
			buildSettings = {
				ALWAYS_SEARCH_USER_PATHS = NO;
				ASSETCATALOG_COMPILER_GENERATE_SWIFT_ASSET_SYMBOL_EXTENSIONS = YES;
				CLANG_ANALYZER_NONNULL = YES;
				CLANG_ANALYZER_NUMBER_OBJECT_CONVERSION = YES_AGGRESSIVE;
				CLANG_CXX_LANGUAGE_STANDARD = "gnu++20";
				CLANG_ENABLE_MODULES = YES;
				CLANG_ENABLE_OBJC_ARC = YES;
				CLANG_ENABLE_OBJC_WEAK = YES;
				CLANG_WARN_BLOCK_CAPTURE_AUTORELEASING = YES;
				CLANG_WARN_BOOL_CONVERSION = YES;
				CLANG_WARN_COMMA = YES;
				CLANG_WARN_CONSTANT_CONVERSION = YES;
				CLANG_WARN_DEPRECATED_OBJC_IMPLEMENTATIONS = YES;
				CLANG_WARN_DIRECT_OBJC_ISA_USAGE = YES_ERROR;
				CLANG_WARN_DOCUMENTATION_COMMENTS = YES;
				CLANG_WARN_EMPTY_BODY = YES;
				CLANG_WARN_ENUM_CONVERSION = YES;
				CLANG_WARN_INFINITE_RECURSION = YES;
				CLANG_WARN_INT_CONVERSION = YES;
				CLANG_WARN_NON_LITERAL_NULL_CONVERSION = YES;
				CLANG_WARN_OBJC_IMPLICIT_RETAIN_SELF = YES;
				CLANG_WARN_OBJC_LITERAL_CONVERSION = YES;
				CLANG_WARN_OBJC_ROOT_CLASS = YES_ERROR;
				CLANG_WARN_QUOTED_INCLUDE_IN_FRAMEWORK_HEADER = YES;
				CLANG_WARN_RANGE_LOOP_ANALYSIS = YES;
				CLANG_WARN_STRICT_PROTOTYPES = YES;
				CLANG_WARN_SUSPICIOUS_MOVE = YES;
				CLANG_WARN_UNGUARDED_AVAILABILITY = YES_AGGRESSIVE;
				CLANG_WARN_UNREACHABLE_CODE = YES;
				CLANG_WARN__DUPLICATE_METHOD_MATCH = YES;
				COPY_PHASE_STRIP = NO;
				DEBUG_INFORMATION_FORMAT = "dwarf-with-dsym";
				ENABLE_NS_ASSERTIONS = NO;
				ENABLE_STRICT_OBJC_MSGSEND = YES;
				ENABLE_USER_SCRIPT_SANDBOXING = YES;
				GCC_C_LANGUAGE_STANDARD = gnu17;
				GCC_NO_COMMON_BLOCKS = YES;
				GCC_WARN_64_TO_32_BIT_CONVERSION = YES;
				GCC_WARN_ABOUT_RETURN_TYPE = YES_ERROR;
				GCC_WARN_UNDECLARED_SELECTOR = YES;
				GCC_WARN_UNINITIALIZED_AUTOS = YES_AGGRESSIVE;
				GCC_WARN_UNUSED_FUNCTION = YES;
				GCC_WARN_UNUSED_VARIABLE = YES;
				IPHONEOS_DEPLOYMENT_TARGET = 17.5;
				LOCALIZATION_PREFERS_STRING_CATALOGS = YES;
				MTL_ENABLE_DEBUG_INFO = NO;
				MTL_FAST_MATH = YES;
				SDKROOT = iphoneos;
				SWIFT_COMPILATION_MODE = wholemodule;
				VALIDATE_PRODUCT = YES;
			};
			name = Release;
		};
		B45D3A362C40FFF000FCA385 /* Debug */ = {
			isa = XCBuildConfiguration;
			buildSettings = {
				ASSETCATALOG_COMPILER_APPICON_NAME = AppIcon;
				ASSETCATALOG_COMPILER_GLOBAL_ACCENT_COLOR_NAME = AccentColor;
				CODE_SIGN_STYLE = Automatic;
				CURRENT_PROJECT_VERSION = 1;
				DEVELOPMENT_ASSET_PATHS = "\"GymBro/Preview Content\"";
				DEVELOPMENT_TEAM = TL3VJLYVF8;
				ENABLE_PREVIEWS = YES;
				GENERATE_INFOPLIST_FILE = YES;
				INFOPLIST_KEY_UIApplicationSceneManifest_Generation = YES;
				INFOPLIST_KEY_UIApplicationSupportsIndirectInputEvents = YES;
				INFOPLIST_KEY_UILaunchScreen_Generation = YES;
				INFOPLIST_KEY_UISupportedInterfaceOrientations_iPad = "UIInterfaceOrientationPortrait UIInterfaceOrientationPortraitUpsideDown UIInterfaceOrientationLandscapeLeft UIInterfaceOrientationLandscapeRight";
				INFOPLIST_KEY_UISupportedInterfaceOrientations_iPhone = "UIInterfaceOrientationPortrait UIInterfaceOrientationLandscapeLeft UIInterfaceOrientationLandscapeRight";
				IPHONEOS_DEPLOYMENT_TARGET = 17.2;
				LD_RUNPATH_SEARCH_PATHS = (
					"$(inherited)",
					"@executable_path/Frameworks",
				);
				MARKETING_VERSION = 1.0;
				PRODUCT_BUNDLE_IDENTIFIER = appdev.GymBro;
				PRODUCT_NAME = "$(TARGET_NAME)";
				SWIFT_EMIT_LOC_STRINGS = YES;
				SWIFT_VERSION = 5.0;
				TARGETED_DEVICE_FAMILY = "1,2";
			};
			name = Debug;
		};
		B45D3A372C40FFF000FCA385 /* Release */ = {
			isa = XCBuildConfiguration;
			buildSettings = {
				ASSETCATALOG_COMPILER_APPICON_NAME = AppIcon;
				ASSETCATALOG_COMPILER_GLOBAL_ACCENT_COLOR_NAME = AccentColor;
				CODE_SIGN_STYLE = Automatic;
				CURRENT_PROJECT_VERSION = 1;
				DEVELOPMENT_ASSET_PATHS = "\"GymBro/Preview Content\"";
				DEVELOPMENT_TEAM = TL3VJLYVF8;
				ENABLE_PREVIEWS = YES;
				GENERATE_INFOPLIST_FILE = YES;
				INFOPLIST_KEY_UIApplicationSceneManifest_Generation = YES;
				INFOPLIST_KEY_UIApplicationSupportsIndirectInputEvents = YES;
				INFOPLIST_KEY_UILaunchScreen_Generation = YES;
				INFOPLIST_KEY_UISupportedInterfaceOrientations_iPad = "UIInterfaceOrientationPortrait UIInterfaceOrientationPortraitUpsideDown UIInterfaceOrientationLandscapeLeft UIInterfaceOrientationLandscapeRight";
				INFOPLIST_KEY_UISupportedInterfaceOrientations_iPhone = "UIInterfaceOrientationPortrait UIInterfaceOrientationLandscapeLeft UIInterfaceOrientationLandscapeRight";
				IPHONEOS_DEPLOYMENT_TARGET = 17.2;
				LD_RUNPATH_SEARCH_PATHS = (
					"$(inherited)",
					"@executable_path/Frameworks",
				);
				MARKETING_VERSION = 1.0;
				PRODUCT_BUNDLE_IDENTIFIER = appdev.GymBro;
				PRODUCT_NAME = "$(TARGET_NAME)";
				SWIFT_EMIT_LOC_STRINGS = YES;
				SWIFT_VERSION = 5.0;
				TARGETED_DEVICE_FAMILY = "1,2";
			};
			name = Release;
		};
/* End XCBuildConfiguration section */

/* Begin XCConfigurationList section */
		B45D3A222C40FFEE00FCA385 /* Build configuration list for PBXProject "GymBro" */ = {
			isa = XCConfigurationList;
			buildConfigurations = (
				B45D3A332C40FFF000FCA385 /* Debug */,
				B45D3A342C40FFF000FCA385 /* Release */,
			);
			defaultConfigurationIsVisible = 0;
			defaultConfigurationName = Release;
		};
		B45D3A352C40FFF000FCA385 /* Build configuration list for PBXNativeTarget "GymBro" */ = {
			isa = XCConfigurationList;
			buildConfigurations = (
				B45D3A362C40FFF000FCA385 /* Debug */,
				B45D3A372C40FFF000FCA385 /* Release */,
			);
			defaultConfigurationIsVisible = 0;
			defaultConfigurationName = Release;
		};
/* End XCConfigurationList section */
	};
	rootObject = B45D3A1F2C40FFEE00FCA385 /* Project object */;
}
